{
	"name": "@isopodlabs/tison",
	"version": "0.1.0",
	"lockfileVersion": 3,
	"requires": true,
	"packages": {
		"": {
			"name": "@isopodlabs/tison",
			"version": "0.1.0",
			"license": "MIT",
			"dependencies": {
				"@isopodlabs/binary_libs": "^1.10.0"
			}
		},
		"node_modules/@isopodlabs/binary": {
			"version": "2.0.1",
			"resolved": "https://registry.npmjs.org/@isopodlabs/binary/-/binary-2.0.1.tgz",
			"integrity": "sha512-QRjuEalY9BQFtZcyRtNpUEyLktwKDEQaadPe8ThGfjOUbHLhfMHmXVdhRhfkz+9F19a4nNe3jdigiagIwHszvg==",
			"license": "MIT",
			"bin": {
				"copy-file": "scripts/copy-file.js"
			}
		},
		"node_modules/@isopodlabs/binary_libs": {
			"version": "1.10.0",
			"resolved": "https://registry.npmjs.org/@isopodlabs/binary_libs/-/binary_libs-1.10.0.tgz",
			"integrity": "sha512-JcMt2QyBzpXg7hXFmR69LEFNHeVCGcTaMJyDaZW+24zujaVN85viYdbksZ3+q2Dp6jL4gPooAs3OIRhcor2xNg==",
			"license": "MIT",
			"dependencies": {
				"@isopodlabs/binary": "^2.0.1"
			}
		}
	}
}
